
Microsoft Visual Studio Solution File, Format Version 12.00
# Visual Studio Version 17
VisualStudioVersion = 17.3.32804.467
MinimumVisualStudioVersion = 10.0.40219.1
Project("{9A19103F-16F7-4668-BE54-9A1E7A4F7556}") = "GeodesicDistanceAPI", "GeodesicDistanceAPI\GeodesicDistanceAPI.csproj", "{82DF9F40-AB9D-47C5-96EA-2FCE3E373742}"
EndProject
Project("{FAE04EC0-301F-11D3-BF4B-00C04F79EFBC}") = "GeodesicDistanceAPI.Tests", "GeodesicDistanceAPI.Tests\GeodesicDistanceAPI.Tests.csproj", "{5A3F1CCC-CB33-4C6E-B1ED-B3DD9E4C1325}"
EndProject
Global
	GlobalSection(SolutionConfigurationPlatforms) = preSolution
		Debug|Any CPU = Debug|Any CPU
		Release|Any CPU = Release|Any CPU
	EndGlobalSection
	GlobalSection(ProjectConfigurationPlatforms) = postSolution
		{82DF9F40-AB9D-47C5-96EA-2FCE3E373742}.Debug|Any CPU.ActiveCfg = Debug|Any CPU
		{82DF9F40-AB9D-47C5-96EA-2FCE3E373742}.Debug|Any CPU.Build.0 = Debug|Any CPU
		{82DF9F40-AB9D-47C5-96EA-2FCE3E373742}.Release|Any CPU.ActiveCfg = Release|Any CPU
		{82DF9F40-AB9D-47C5-96EA-2FCE3E373742}.Release|Any CPU.Build.0 = Release|Any CPU
		{5A3F1CCC-CB33-4C6E-B1ED-B3DD9E4C1325}.Debug|Any CPU.ActiveCfg = Debug|Any CPU
		{5A3F1CCC-CB33-4C6E-B1ED-B3DD9E4C1325}.Debug|Any CPU.Build.0 = Debug|Any CPU
		{5A3F1CCC-CB33-4C6E-B1ED-B3DD9E4C1325}.Release|Any CPU.ActiveCfg = Release|Any CPU
		{5A3F1CCC-CB33-4C6E-B1ED-B3DD9E4C1325}.Release|Any CPU.Build.0 = Release|Any CPU
	EndGlobalSection
	GlobalSection(SolutionProperties) = preSolution
		HideSolutionNode = FALSE
	EndGlobalSection
	GlobalSection(ExtensibilityGlobals) = postSolution
		SolutionGuid = {1B1A7194-5830-4059-A5D7-492BFD411E84}
	EndGlobalSection
EndGlobal
